hash: 1b19039a38f80f66116f7dfee56af90ca573c78c0af7fa406ee79191b70179d3
updated: 2017-05-08T13:40:52.075958441-07:00
imports:
- name: github.com/felixge/httpsnoop
  version: 287b56e9e314227d3113c7c6b434d31aec68089d
- name: github.com/opentracing/opentracing-go
  version: 1949ddbfd147afd4d964a9f00b24eb291e0e7c38
  subpackages:
  - ext
  - http
  - log
  - mocktracer
- name: golang.org/x/net
  version: f2499483f923065a842d38eb4c7f1927e6fc6e6d
  subpackages:
  - context
testImports:
- name: github.com/axw/gocov
  version: c77561ca0c0cb1ed5d4ce4a912a75f5532566422
  subpackages:
  - gocov
- name: github.com/golang/lint
  version: b8599f7d71e7fead76b25aeb919c0e2558672f4a
  subpackages:
  - golint
- name: github.com/mattn/goveralls
  version: 9d621f6940639bf287ecbb6f585a2c26eeba3bbe
- name: github.com/onsi/ginkgo
  version: 77a8c1e5c40d6bb6c5eb4dd4bdce9763564f6298
  subpackages:
  - config
  - internal/codelocation
  - internal/containernode
  - internal/failer
  - internal/leafnodes
  - internal/remote
  - internal/spec
  - internal/spec_iterator
  - internal/specrunner
  - internal/suite
  - internal/testingtproxy
  - internal/writer
  - reporters
  - reporters/stenographer
  - reporters/stenographer/support/go-colorable
  - reporters/stenographer/support/go-isatty
  - types
- name: github.com/onsi/gomega
  version: 334b8f472b3af5d541c5642701c1e29e2126f486
  subpackages:
  - format
  - internal/assertion
  - internal/asyncassertion
  - internal/oraclematcher
  - internal/testingtsupport
  - matchers
  - matchers/support/goraph/bipartitegraph
  - matchers/support/goraph/edge
  - matchers/support/goraph/node
  - matchers/support/goraph/util
  - types
- name: github.com/pborman/uuid
  version: a97ce2ca70fa5a848076093f05e639a89ca34d06
- name: github.com/stretchr/testify
  version: 69483b4bd14f5845b5a1e55bca19e954e827f1d0
  subpackages:
  - assert
- name: golang.org/x/sys
  version: 9ccfe848b9db8435a24c424abbc07a921adf1df5
  subpackages:
  - unix
- name: golang.org/x/tools
  version: f5a6ee1ea9f7b3a91e3e70dc1b9706886d0e0ae3
  subpackages:
  - cover
- name: gopkg.in/yaml.v2
  version: cd8b52f8269e0feb286dfeef29f8fe4d5b397e0b
